
Microsoft Visual Studio Solution File, Format Version 12.00
# Visual Studio Version 16
VisualStudioVersion = 16.0.29613.14
MinimumVisualStudioVersion = 10.0.40219.1
Project("{FAE04EC0-301F-11D3-BF4B-00C04F79EFBC}") = "WebAppProjeto01G3", "WebAppProjeto01G3\WebAppProjeto01G3.csproj", "{ACA9835B-E504-48CA-88F4-F483A98932A5}"
EndProject
Global
	GlobalSection(SolutionConfigurationPlatforms) = preSolution
		Debug|Any CPU = Debug|Any CPU
		Release|Any CPU = Release|Any CPU
	EndGlobalSection
	GlobalSection(ProjectConfigurationPlatforms) = postSolution
		{ACA9835B-E504-48CA-88F4-F483A98932A5}.Debug|Any CPU.ActiveCfg = Debug|Any CPU
		{ACA9835B-E504-48CA-88F4-F483A98932A5}.Debug|Any CPU.Build.0 = Debug|Any CPU
		{ACA9835B-E504-48CA-88F4-F483A98932A5}.Release|Any CPU.ActiveCfg = Release|Any CPU
		{ACA9835B-E504-48CA-88F4-F483A98932A5}.Release|Any CPU.Build.0 = Release|Any CPU
	EndGlobalSection
	GlobalSection(SolutionProperties) = preSolution
		HideSolutionNode = FALSE
	EndGlobalSection
	GlobalSection(ExtensibilityGlobals) = postSolution
		SolutionGuid = {4734657D-EB31-4D34-A8B1-AF5C5A4306E9}
	EndGlobalSection
EndGlobal
