
Microsoft Visual Studio Solution File, Format Version 12.00
# Visual Studio Version 16
VisualStudioVersion = 16.0.32413.511
MinimumVisualStudioVersion = 10.0.40219.1
Project("{FAE04EC0-301F-11D3-BF4B-00C04F79EFBC}") = "WebAppProjeto01G2", "WebAppProjeto01G2\WebAppProjeto01G2.csproj", "{E6014CA6-4610-490E-85F2-441B2FBAAA3B}"
EndProject
Project("{FAE04EC0-301F-11D3-BF4B-00C04F79EFBC}") = "Modelo", "Modelo\Modelo.csproj", "{183949D1-FC23-408D-B73F-8B5E977A0F99}"
EndProject
Project("{FAE04EC0-301F-11D3-BF4B-00C04F79EFBC}") = "Persistencia", "Persistencia\Persistencia.csproj", "{2F4757DA-6F7E-4215-A885-8D16AC775133}"
EndProject
Project("{FAE04EC0-301F-11D3-BF4B-00C04F79EFBC}") = "Servico", "Servico\Servico.csproj", "{1DA25644-FB66-492F-8579-B28D70226153}"
EndProject
Global
	GlobalSection(SolutionConfigurationPlatforms) = preSolution
		Debug|Any CPU = Debug|Any CPU
		Release|Any CPU = Release|Any CPU
	EndGlobalSection
	GlobalSection(ProjectConfigurationPlatforms) = postSolution
		{E6014CA6-4610-490E-85F2-441B2FBAAA3B}.Debug|Any CPU.ActiveCfg = Debug|Any CPU
		{E6014CA6-4610-490E-85F2-441B2FBAAA3B}.Debug|Any CPU.Build.0 = Debug|Any CPU
		{E6014CA6-4610-490E-85F2-441B2FBAAA3B}.Release|Any CPU.ActiveCfg = Release|Any CPU
		{E6014CA6-4610-490E-85F2-441B2FBAAA3B}.Release|Any CPU.Build.0 = Release|Any CPU
		{183949D1-FC23-408D-B73F-8B5E977A0F99}.Debug|Any CPU.ActiveCfg = Debug|Any CPU
		{183949D1-FC23-408D-B73F-8B5E977A0F99}.Debug|Any CPU.Build.0 = Debug|Any CPU
		{183949D1-FC23-408D-B73F-8B5E977A0F99}.Release|Any CPU.ActiveCfg = Release|Any CPU
		{183949D1-FC23-408D-B73F-8B5E977A0F99}.Release|Any CPU.Build.0 = Release|Any CPU
		{2F4757DA-6F7E-4215-A885-8D16AC775133}.Debug|Any CPU.ActiveCfg = Debug|Any CPU
		{2F4757DA-6F7E-4215-A885-8D16AC775133}.Debug|Any CPU.Build.0 = Debug|Any CPU
		{2F4757DA-6F7E-4215-A885-8D16AC775133}.Release|Any CPU.ActiveCfg = Release|Any CPU
		{2F4757DA-6F7E-4215-A885-8D16AC775133}.Release|Any CPU.Build.0 = Release|Any CPU
		{1DA25644-FB66-492F-8579-B28D70226153}.Debug|Any CPU.ActiveCfg = Debug|Any CPU
		{1DA25644-FB66-492F-8579-B28D70226153}.Debug|Any CPU.Build.0 = Debug|Any CPU
		{1DA25644-FB66-492F-8579-B28D70226153}.Release|Any CPU.ActiveCfg = Release|Any CPU
		{1DA25644-FB66-492F-8579-B28D70226153}.Release|Any CPU.Build.0 = Release|Any CPU
	EndGlobalSection
	GlobalSection(SolutionProperties) = preSolution
		HideSolutionNode = FALSE
	EndGlobalSection
	GlobalSection(ExtensibilityGlobals) = postSolution
		SolutionGuid = {FA216CD0-9E2C-4E8D-930D-71FD60E1BB04}
	EndGlobalSection
EndGlobal
